
Microsoft Visual Studio Solution File, Format Version 12.00
# Visual Studio 15
VisualStudioVersion = 15.0.27130.2020
MinimumVisualStudioVersion = 10.0.40219.1
Project("{2150E333-8FDC-42A3-9474-1A3956D46DE8}") = "lib", "lib", "{0DCDCCF1-C80D-4C7C-B50B-B7FB61D308D4}"
	ProjectSection(SolutionItems) = preProject
		lib\CLIPSLib.dll = lib\CLIPSLib.dll
		lib\CLIPSNet.dll = lib\CLIPSNet.dll
		lib\Mommosoft.ExpertSystem.dll = lib\Mommosoft.ExpertSystem.dll
	EndProjectSection
EndProject
Project("{FAE04EC0-301F-11D3-BF4B-00C04F79EFBC}") = "EXMedicalDiagnosis", "MDES\EXMedicalDiagnosis.csproj", "{24EDAE58-873A-4D41-8FF3-8FCFF68DBF71}"
EndProject
Global
	GlobalSection(SolutionConfigurationPlatforms) = preSolution
		Debug|Any CPU = Debug|Any CPU
		Release|Any CPU = Release|Any CPU
	EndGlobalSection
	GlobalSection(ProjectConfigurationPlatforms) = postSolution
		{24EDAE58-873A-4D41-8FF3-8FCFF68DBF71}.Debug|Any CPU.ActiveCfg = Debug|Any CPU
		{24EDAE58-873A-4D41-8FF3-8FCFF68DBF71}.Debug|Any CPU.Build.0 = Debug|Any CPU
		{24EDAE58-873A-4D41-8FF3-8FCFF68DBF71}.Release|Any CPU.ActiveCfg = Release|Any CPU
		{24EDAE58-873A-4D41-8FF3-8FCFF68DBF71}.Release|Any CPU.Build.0 = Release|Any CPU
	EndGlobalSection
	GlobalSection(SolutionProperties) = preSolution
		HideSolutionNode = FALSE
	EndGlobalSection
	GlobalSection(ExtensibilityGlobals) = postSolution
		SolutionGuid = {F1BFC444-5ABF-4D6F-A2D5-DE7D2D21D743}
	EndGlobalSection
EndGlobal
